
Microsoft Visual Studio Solution File, Format Version 12.00
# Visual Studio 15
VisualStudioVersion = 15.0.27703.2035
MinimumVisualStudioVersion = 10.0.40219.1
Project("{9A19103F-16F7-4668-BE54-9A1E7A4F7556}") = "P02_DatabaseFirst", "P02_DatabaseFirst\P02_DatabaseFirst.csproj", "{73B8CC6E-5526-4DA8-9DAC-946F48325DAE}"
EndProject
Project("{9A19103F-16F7-4668-BE54-9A1E7A4F7556}") = "P07_EmployeesAndProjects", "P07_EmployeesAndProjects\P07_EmployeesAndProjects.csproj", "{C2F6940F-F279-451D-971E-F3F8D14ADF3F}"
EndProject
Project("{9A19103F-16F7-4668-BE54-9A1E7A4F7556}") = "P08_AddressesByTown", "P08_AddressesByTown\P08_AddressesByTown.csproj", "{6BB7559F-DEFA-475F-80A0-6FB685BF4DF1}"
EndProject
Project("{9A19103F-16F7-4668-BE54-9A1E7A4F7556}") = "P09_Employee147", "P09_Employee147\P09_Employee147.csproj", "{1228C27D-4D7D-4BC2-89A4-45C03B3CF3C8}"
EndProject
Project("{9A19103F-16F7-4668-BE54-9A1E7A4F7556}") = "P10_DepartmentsWithMoreThan5Employees", "P10_DepartmentsWithMoreThan5Employees\P10_DepartmentsWithMoreThan5Employees.csproj", "{AD5AFC74-C9C3-433D-979A-2F88795B1B01}"
EndProject
Project("{9A19103F-16F7-4668-BE54-9A1E7A4F7556}") = "P11_FindLatest10Projects", "P11_FindLatest10Projects\P11_FindLatest10Projects.csproj", "{E413EF49-78ED-4864-8CB9-7E11BCEDA894}"
EndProject
Project("{9A19103F-16F7-4668-BE54-9A1E7A4F7556}") = "P12_IncreaseSalaries", "P12_IncreaseSalaries\P12_IncreaseSalaries.csproj", "{2F31CED1-590E-48A7-9CDB-3A955AF6329E}"
EndProject
Project("{FAE04EC0-301F-11D3-BF4B-00C04F79EFBC}") = "P13_FindEmployeesByFirstNameStartingWithSa", "P13_FindEmployeesByFirstNameStartingWithSa\P13_FindEmployeesByFirstNameStartingWithSa.csproj", "{A2CE8D0C-A38F-47ED-8000-0EB3900E0906}"
EndProject
Project("{FAE04EC0-301F-11D3-BF4B-00C04F79EFBC}") = "P14_DeleteProjectById", "P14_DeleteProjectById\P14_DeleteProjectById.csproj", "{C120828C-8A32-455C-95B9-1C32CDA95473}"
EndProject
Global
	GlobalSection(SolutionConfigurationPlatforms) = preSolution
		Debug|Any CPU = Debug|Any CPU
		Release|Any CPU = Release|Any CPU
	EndGlobalSection
	GlobalSection(ProjectConfigurationPlatforms) = postSolution
		{73B8CC6E-5526-4DA8-9DAC-946F48325DAE}.Debug|Any CPU.ActiveCfg = Debug|Any CPU
		{73B8CC6E-5526-4DA8-9DAC-946F48325DAE}.Debug|Any CPU.Build.0 = Debug|Any CPU
		{73B8CC6E-5526-4DA8-9DAC-946F48325DAE}.Release|Any CPU.ActiveCfg = Release|Any CPU
		{73B8CC6E-5526-4DA8-9DAC-946F48325DAE}.Release|Any CPU.Build.0 = Release|Any CPU
		{C2F6940F-F279-451D-971E-F3F8D14ADF3F}.Debug|Any CPU.ActiveCfg = Debug|Any CPU
		{C2F6940F-F279-451D-971E-F3F8D14ADF3F}.Debug|Any CPU.Build.0 = Debug|Any CPU
		{C2F6940F-F279-451D-971E-F3F8D14ADF3F}.Release|Any CPU.ActiveCfg = Release|Any CPU
		{C2F6940F-F279-451D-971E-F3F8D14ADF3F}.Release|Any CPU.Build.0 = Release|Any CPU
		{6BB7559F-DEFA-475F-80A0-6FB685BF4DF1}.Debug|Any CPU.ActiveCfg = Debug|Any CPU
		{6BB7559F-DEFA-475F-80A0-6FB685BF4DF1}.Debug|Any CPU.Build.0 = Debug|Any CPU
		{6BB7559F-DEFA-475F-80A0-6FB685BF4DF1}.Release|Any CPU.ActiveCfg = Release|Any CPU
		{6BB7559F-DEFA-475F-80A0-6FB685BF4DF1}.Release|Any CPU.Build.0 = Release|Any CPU
		{1228C27D-4D7D-4BC2-89A4-45C03B3CF3C8}.Debug|Any CPU.ActiveCfg = Debug|Any CPU
		{1228C27D-4D7D-4BC2-89A4-45C03B3CF3C8}.Debug|Any CPU.Build.0 = Debug|Any CPU
		{1228C27D-4D7D-4BC2-89A4-45C03B3CF3C8}.Release|Any CPU.ActiveCfg = Release|Any CPU
		{1228C27D-4D7D-4BC2-89A4-45C03B3CF3C8}.Release|Any CPU.Build.0 = Release|Any CPU
		{AD5AFC74-C9C3-433D-979A-2F88795B1B01}.Debug|Any CPU.ActiveCfg = Debug|Any CPU
		{AD5AFC74-C9C3-433D-979A-2F88795B1B01}.Debug|Any CPU.Build.0 = Debug|Any CPU
		{AD5AFC74-C9C3-433D-979A-2F88795B1B01}.Release|Any CPU.ActiveCfg = Release|Any CPU
		{AD5AFC74-C9C3-433D-979A-2F88795B1B01}.Release|Any CPU.Build.0 = Release|Any CPU
		{E413EF49-78ED-4864-8CB9-7E11BCEDA894}.Debug|Any CPU.ActiveCfg = Debug|Any CPU
		{E413EF49-78ED-4864-8CB9-7E11BCEDA894}.Debug|Any CPU.Build.0 = Debug|Any CPU
		{E413EF49-78ED-4864-8CB9-7E11BCEDA894}.Release|Any CPU.ActiveCfg = Release|Any CPU
		{E413EF49-78ED-4864-8CB9-7E11BCEDA894}.Release|Any CPU.Build.0 = Release|Any CPU
		{2F31CED1-590E-48A7-9CDB-3A955AF6329E}.Debug|Any CPU.ActiveCfg = Debug|Any CPU
		{2F31CED1-590E-48A7-9CDB-3A955AF6329E}.Debug|Any CPU.Build.0 = Debug|Any CPU
		{2F31CED1-590E-48A7-9CDB-3A955AF6329E}.Release|Any CPU.ActiveCfg = Release|Any CPU
		{2F31CED1-590E-48A7-9CDB-3A955AF6329E}.Release|Any CPU.Build.0 = Release|Any CPU
		{A2CE8D0C-A38F-47ED-8000-0EB3900E0906}.Debug|Any CPU.ActiveCfg = Debug|Any CPU
		{A2CE8D0C-A38F-47ED-8000-0EB3900E0906}.Debug|Any CPU.Build.0 = Debug|Any CPU
		{A2CE8D0C-A38F-47ED-8000-0EB3900E0906}.Release|Any CPU.ActiveCfg = Release|Any CPU
		{A2CE8D0C-A38F-47ED-8000-0EB3900E0906}.Release|Any CPU.Build.0 = Release|Any CPU
		{C120828C-8A32-455C-95B9-1C32CDA95473}.Debug|Any CPU.ActiveCfg = Debug|Any CPU
		{C120828C-8A32-455C-95B9-1C32CDA95473}.Debug|Any CPU.Build.0 = Debug|Any CPU
		{C120828C-8A32-455C-95B9-1C32CDA95473}.Release|Any CPU.ActiveCfg = Release|Any CPU
		{C120828C-8A32-455C-95B9-1C32CDA95473}.Release|Any CPU.Build.0 = Release|Any CPU
	EndGlobalSection
	GlobalSection(SolutionProperties) = preSolution
		HideSolutionNode = FALSE
	EndGlobalSection
	GlobalSection(ExtensibilityGlobals) = postSolution
		SolutionGuid = {4C26D365-2C3E-4910-BE50-1189E2A5E6FB}
	EndGlobalSection
EndGlobal
